
Microsoft Visual Studio Solution File, Format Version 12.00
# Visual Studio Version 17
VisualStudioVersion = 17.13.35507.96
MinimumVisualStudioVersion = 10.0.40219.1
Project("{FAE04EC0-301F-11D3-BF4B-00C04F79EFBC}") = "Pantallas", "Pantallas\Pantallas.csproj", "{B9C081E8-6E30-4639-3C07-9EBD144ECD93}"
EndProject
Project("{FAE04EC0-301F-11D3-BF4B-00C04F79EFBC}") = "Datos", "Datos\Datos.csproj", "{BB35B401-4EF4-989E-18E9-C126B008FEAB}"
EndProject
Global
	GlobalSection(SolutionConfigurationPlatforms) = preSolution
		Debug|Any CPU = Debug|Any CPU
		Release|Any CPU = Release|Any CPU
	EndGlobalSection
	GlobalSection(ProjectConfigurationPlatforms) = postSolution
		{B9C081E8-6E30-4639-3C07-9EBD144ECD93}.Debug|Any CPU.ActiveCfg = Debug|Any CPU
		{B9C081E8-6E30-4639-3C07-9EBD144ECD93}.Debug|Any CPU.Build.0 = Debug|Any CPU
		{B9C081E8-6E30-4639-3C07-9EBD144ECD93}.Release|Any CPU.ActiveCfg = Release|Any CPU
		{B9C081E8-6E30-4639-3C07-9EBD144ECD93}.Release|Any CPU.Build.0 = Release|Any CPU
		{BB35B401-4EF4-989E-18E9-C126B008FEAB}.Debug|Any CPU.ActiveCfg = Debug|Any CPU
		{BB35B401-4EF4-989E-18E9-C126B008FEAB}.Debug|Any CPU.Build.0 = Debug|Any CPU
		{BB35B401-4EF4-989E-18E9-C126B008FEAB}.Release|Any CPU.ActiveCfg = Release|Any CPU
		{BB35B401-4EF4-989E-18E9-C126B008FEAB}.Release|Any CPU.Build.0 = Release|Any CPU
	EndGlobalSection
	GlobalSection(SolutionProperties) = preSolution
		HideSolutionNode = FALSE
	EndGlobalSection
	GlobalSection(ExtensibilityGlobals) = postSolution
		SolutionGuid = {554031C3-82F9-4739-AF04-AEAEAFE56593}
	EndGlobalSection
EndGlobal
